
Microsoft Visual Studio Solution File, Format Version 12.00
# Visual Studio Version 17
VisualStudioVersion = 17.6.33801.468
MinimumVisualStudioVersion = 10.0.40219.1
Project("{FAE04EC0-301F-11D3-BF4B-00C04F79EFBC}") = "Tetris", "Tetris\Tetris.csproj", "{2FEB0CD7-C268-45B4-907A-66C192D11EC5}"
EndProject
Global
	GlobalSection(SolutionConfigurationPlatforms) = preSolution
		Debug|Any CPU = Debug|Any CPU
		Release|Any CPU = Release|Any CPU
	EndGlobalSection
	GlobalSection(ProjectConfigurationPlatforms) = postSolution
		{2FEB0CD7-C268-45B4-907A-66C192D11EC5}.Debug|Any CPU.ActiveCfg = Debug|Any CPU
		{2FEB0CD7-C268-45B4-907A-66C192D11EC5}.Debug|Any CPU.Build.0 = Debug|Any CPU
		{2FEB0CD7-C268-45B4-907A-66C192D11EC5}.Release|Any CPU.ActiveCfg = Release|Any CPU
		{2FEB0CD7-C268-45B4-907A-66C192D11EC5}.Release|Any CPU.Build.0 = Release|Any CPU
	EndGlobalSection
	GlobalSection(SolutionProperties) = preSolution
		HideSolutionNode = FALSE
	EndGlobalSection
	GlobalSection(ExtensibilityGlobals) = postSolution
		SolutionGuid = {0846221F-A1ED-44D6-959F-35369EE38BF8}
	EndGlobalSection
EndGlobal
